// !$*UTF8*$!
{
	archiveVersion = 1;
	classes = {
	};
	objectVersion = 55;
	objects = {

/* Begin PBXBuildFile section */
		7CB700D39DA5290E82B37FDB /* libPods-UnicoModule.a in Frameworks */ = {isa = PBXBuildFile; fileRef = C8464B3BAF56786D01914D86 /* libPods-UnicoModule.a */; };
		D1AB9F8D28007AED00FBA1A9 /* UnicoSampleView.swift in Sources */ = {isa = PBXBuildFile; fileRef = D1AB9F8C28007AED00FBA1A9 /* UnicoSampleView.swift */; };
		D1CC802927FE445C000EAD87 /* UnicoModule.docc in Sources */ = {isa = PBXBuildFile; fileRef = D1CC802827FE445C000EAD87 /* UnicoModule.docc */; };
		D1CC802F27FE445C000EAD87 /* UnicoModule.framework in Frameworks */ = {isa = PBXBuildFile; fileRef = D1CC802427FE445C000EAD87 /* UnicoModule.framework */; };
		D1CC803427FE445C000EAD87 /* UnicoModuleTests.swift in Sources */ = {isa = PBXBuildFile; fileRef = D1CC803327FE445C000EAD87 /* UnicoModuleTests.swift */; };
		D1CC803527FE445C000EAD87 /* UnicoModule.h in Headers */ = {isa = PBXBuildFile; fileRef = D1CC802727FE445C000EAD87 /* UnicoModule.h */; settings = {ATTRIBUTES = (Public, ); }; };
/* End PBXBuildFile section */

/* Begin PBXContainerItemProxy section */
		D1CC803027FE445C000EAD87 /* PBXContainerItemProxy */ = {
			isa = PBXContainerItemProxy;
			containerPortal = D1CC801B27FE445C000EAD87 /* Project object */;
			proxyType = 1;
			remoteGlobalIDString = D1CC802327FE445C000EAD87;
			remoteInfo = UnicoModule;
		};
/* End PBXContainerItemProxy section */

/* Begin PBXFileReference section */
		17E7E0996562327FE93F2DC4 /* Pods-UnicoModule.debug.xcconfig */ = {isa = PBXFileReference; includeInIndex = 1; lastKnownFileType = text.xcconfig; name = "Pods-UnicoModule.debug.xcconfig"; path = "Target Support Files/Pods-UnicoModule/Pods-UnicoModule.debug.xcconfig"; sourceTree = "<group>"; };
		C8464B3BAF56786D01914D86 /* libPods-UnicoModule.a */ = {isa = PBXFileReference; explicitFileType = archive.ar; includeInIndex = 0; path = "libPods-UnicoModule.a"; sourceTree = BUILT_PRODUCTS_DIR; };
		D1AB9F8C28007AED00FBA1A9 /* UnicoSampleView.swift */ = {isa = PBXFileReference; lastKnownFileType = sourcecode.swift; path = UnicoSampleView.swift; sourceTree = "<group>"; };
		D1CC802427FE445C000EAD87 /* UnicoModule.framework */ = {isa = PBXFileReference; explicitFileType = wrapper.framework; includeInIndex = 0; path = UnicoModule.framework; sourceTree = BUILT_PRODUCTS_DIR; };
		D1CC802727FE445C000EAD87 /* UnicoModule.h */ = {isa = PBXFileReference; lastKnownFileType = sourcecode.c.h; path = UnicoModule.h; sourceTree = "<group>"; };
		D1CC802827FE445C000EAD87 /* UnicoModule.docc */ = {isa = PBXFileReference; lastKnownFileType = folder.documentationcatalog; path = UnicoModule.docc; sourceTree = "<group>"; };
		D1CC802E27FE445C000EAD87 /* UnicoModuleTests.xctest */ = {isa = PBXFileReference; explicitFileType = wrapper.cfbundle; includeInIndex = 0; path = UnicoModuleTests.xctest; sourceTree = BUILT_PRODUCTS_DIR; };
		D1CC803327FE445C000EAD87 /* UnicoModuleTests.swift */ = {isa = PBXFileReference; lastKnownFileType = sourcecode.swift; path = UnicoModuleTests.swift; sourceTree = "<group>"; };
		F506FDEF59EFCF2C84E8495A /* Pods-UnicoModule.release.xcconfig */ = {isa = PBXFileReference; includeInIndex = 1; lastKnownFileType = text.xcconfig; name = "Pods-UnicoModule.release.xcconfig"; path = "Target Support Files/Pods-UnicoModule/Pods-UnicoModule.release.xcconfig"; sourceTree = "<group>"; };
/* End PBXFileReference section */

/* Begin PBXFrameworksBuildPhase section */
		D1CC802127FE445C000EAD87 /* Frameworks */ = {
			isa = PBXFrameworksBuildPhase;
			buildActionMask = 2147483647;
			files = (
				7CB700D39DA5290E82B37FDB /* libPods-UnicoModule.a in Frameworks */,
			);
			runOnlyForDeploymentPostprocessing = 0;
		};
		D1CC802B27FE445C000EAD87 /* Frameworks */ = {
			isa = PBXFrameworksBuildPhase;
			buildActionMask = 2147483647;
			files = (
				D1CC802F27FE445C000EAD87 /* UnicoModule.framework in Frameworks */,
			);
			runOnlyForDeploymentPostprocessing = 0;
		};
/* End PBXFrameworksBuildPhase section */

/* Begin PBXGroup section */
		05EBB3FA5990BD06BB537E48 /* Frameworks */ = {
			isa = PBXGroup;
			children = (
				C8464B3BAF56786D01914D86 /* libPods-UnicoModule.a */,
			);
			name = Frameworks;
			sourceTree = "<group>";
		};
		116FAD88F44531A9B044031B /* Pods */ = {
			isa = PBXGroup;
			children = (
				17E7E0996562327FE93F2DC4 /* Pods-UnicoModule.debug.xcconfig */,
				F506FDEF59EFCF2C84E8495A /* Pods-UnicoModule.release.xcconfig */,
			);
			name = Pods;
			path = ../Pods;
			sourceTree = "<group>";
		};
		D1CC801A27FE445C000EAD87 = {
			isa = PBXGroup;
			children = (
				D1CC802627FE445C000EAD87 /* UnicoModule */,
				D1CC803227FE445C000EAD87 /* UnicoModuleTests */,
				D1CC802527FE445C000EAD87 /* Products */,
				116FAD88F44531A9B044031B /* Pods */,
				05EBB3FA5990BD06BB537E48 /* Frameworks */,
			);
			sourceTree = "<group>";
		};
		D1CC802527FE445C000EAD87 /* Products */ = {
			isa = PBXGroup;
			children = (
				D1CC802427FE445C000EAD87 /* UnicoModule.framework */,
				D1CC802E27FE445C000EAD87 /* UnicoModuleTests.xctest */,
			);
			name = Products;
			sourceTree = "<group>";
		};
		D1CC802627FE445C000EAD87 /* UnicoModule */ = {
			isa = PBXGroup;
			children = (
				D1CC802727FE445C000EAD87 /* UnicoModule.h */,
				D1CC802827FE445C000EAD87 /* UnicoModule.docc */,
				D1AB9F8C28007AED00FBA1A9 /* UnicoSampleView.swift */,
			);
			path = UnicoModule;
			sourceTree = "<group>";
		};
		D1CC803227FE445C000EAD87 /* UnicoModuleTests */ = {
			isa = PBXGroup;
			children = (
				D1CC803327FE445C000EAD87 /* UnicoModuleTests.swift */,
			);
			path = UnicoModuleTests;
			sourceTree = "<group>";
		};
/* End PBXGroup section */

/* Begin PBXHeadersBuildPhase section */
		D1CC801F27FE445C000EAD87 /* Headers */ = {
			isa = PBXHeadersBuildPhase;
			buildActionMask = 2147483647;
			files = (
				D1CC803527FE445C000EAD87 /* UnicoModule.h in Headers */,
			);
			runOnlyForDeploymentPostprocessing = 0;
		};
/* End PBXHeadersBuildPhase section */

/* Begin PBXNativeTarget section */
		D1CC802327FE445C000EAD87 /* UnicoModule */ = {
			isa = PBXNativeTarget;
			buildConfigurationList = D1CC803827FE445C000EAD87 /* Build configuration list for PBXNativeTarget "UnicoModule" */;
			buildPhases = (
				9CE424F616CD98E4A2E23EE0 /* [CP] Check Pods Manifest.lock */,
				D1CC801F27FE445C000EAD87 /* Headers */,
				D1CC802027FE445C000EAD87 /* Sources */,
				D1CC802127FE445C000EAD87 /* Frameworks */,
				D1CC802227FE445C000EAD87 /* Resources */,
				03D0C000E10420852ED86132 /* [CP] Copy Pods Resources */,
			);
			buildRules = (
			);
			dependencies = (
			);
			name = UnicoModule;
			productName = UnicoModule;
			productReference = D1CC802427FE445C000EAD87 /* UnicoModule.framework */;
			productType = "com.apple.product-type.framework";
		};
		D1CC802D27FE445C000EAD87 /* UnicoModuleTests */ = {
			isa = PBXNativeTarget;
			buildConfigurationList = D1CC803B27FE445C000EAD87 /* Build configuration list for PBXNativeTarget "UnicoModuleTests" */;
			buildPhases = (
				D1CC802A27FE445C000EAD87 /* Sources */,
				D1CC802B27FE445C000EAD87 /* Frameworks */,
				D1CC802C27FE445C000EAD87 /* Resources */,
			);
			buildRules = (
			);
			dependencies = (
				D1CC803127FE445C000EAD87 /* PBXTargetDependency */,
			);
			name = UnicoModuleTests;
			productName = UnicoModuleTests;
			productReference = D1CC802E27FE445C000EAD87 /* UnicoModuleTests.xctest */;
			productType = "com.apple.product-type.bundle.unit-test";
		};
/* End PBXNativeTarget section */

/* Begin PBXProject section */
		D1CC801B27FE445C000EAD87 /* Project object */ = {
			isa = PBXProject;
			attributes = {
				BuildIndependentTargetsInParallel = 1;
				LastSwiftUpdateCheck = 1330;
				LastUpgradeCheck = 1330;
				TargetAttributes = {
					D1CC802327FE445C000EAD87 = {
						CreatedOnToolsVersion = 13.3;
					};
					D1CC802D27FE445C000EAD87 = {
						CreatedOnToolsVersion = 13.3;
					};
				};
			};
			buildConfigurationList = D1CC801E27FE445C000EAD87 /* Build configuration list for PBXProject "UnicoModule" */;
			compatibilityVersion = "Xcode 13.0";
			developmentRegion = en;
			hasScannedForEncodings = 0;
			knownRegions = (
				en,
				Base,
			);
			mainGroup = D1CC801A27FE445C000EAD87;
			productRefGroup = D1CC802527FE445C000EAD87 /* Products */;
			projectDirPath = "";
			projectRoot = "";
			targets = (
				D1CC802327FE445C000EAD87 /* UnicoModule */,
				D1CC802D27FE445C000EAD87 /* UnicoModuleTests */,
			);
		};
/* End PBXProject section */

/* Begin PBXResourcesBuildPhase section */
		D1CC802227FE445C000EAD87 /* Resources */ = {
			isa = PBXResourcesBuildPhase;
			buildActionMask = 2147483647;
			files = (
			);
			runOnlyForDeploymentPostprocessing = 0;
		};
		D1CC802C27FE445C000EAD87 /* Resources */ = {
			isa = PBXResourcesBuildPhase;
			buildActionMask = 2147483647;
			files = (
			);
			runOnlyForDeploymentPostprocessing = 0;
		};
/* End PBXResourcesBuildPhase section */

/* Begin PBXShellScriptBuildPhase section */
		03D0C000E10420852ED86132 /* [CP] Copy Pods Resources */ = {
			isa = PBXShellScriptBuildPhase;
			buildActionMask = 2147483647;
			files = (
			);
			inputFileListPaths = (
				"${PODS_ROOT}/Target Support Files/Pods-UnicoModule/Pods-UnicoModule-resources-${CONFIGURATION}-input-files.xcfilelist",
			);
			name = "[CP] Copy Pods Resources";
			outputFileListPaths = (
				"${PODS_ROOT}/Target Support Files/Pods-UnicoModule/Pods-UnicoModule-resources-${CONFIGURATION}-output-files.xcfilelist",
			);
			runOnlyForDeploymentPostprocessing = 0;
			shellPath = /bin/sh;
			shellScript = "\"${PODS_ROOT}/Target Support Files/Pods-UnicoModule/Pods-UnicoModule-resources.sh\"\n";
			showEnvVarsInLog = 0;
		};
		9CE424F616CD98E4A2E23EE0 /* [CP] Check Pods Manifest.lock */ = {
			isa = PBXShellScriptBuildPhase;
			buildActionMask = 2147483647;
			files = (
			);
			inputFileListPaths = (
			);
			inputPaths = (
				"${PODS_PODFILE_DIR_PATH}/Podfile.lock",
				"${PODS_ROOT}/Manifest.lock",
			);
			name = "[CP] Check Pods Manifest.lock";
			outputFileListPaths = (
			);
			outputPaths = (
				"$(DERIVED_FILE_DIR)/Pods-UnicoModule-checkManifestLockResult.txt",
			);
			runOnlyForDeploymentPostprocessing = 0;
			shellPath = /bin/sh;
			shellScript = "diff \"${PODS_PODFILE_DIR_PATH}/Podfile.lock\" \"${PODS_ROOT}/Manifest.lock\" > /dev/null\nif [ $? != 0 ] ; then\n    # print error to STDERR\n    echo \"error: The sandbox is not in sync with the Podfile.lock. Run 'pod install' or update your CocoaPods installation.\" >&2\n    exit 1\nfi\n# This output is used by Xcode 'outputs' to avoid re-running this script phase.\necho \"SUCCESS\" > \"${SCRIPT_OUTPUT_FILE_0}\"\n";
			showEnvVarsInLog = 0;
		};
/* End PBXShellScriptBuildPhase section */

/* Begin PBXSourcesBuildPhase section */
		D1CC802027FE445C000EAD87 /* Sources */ = {
			isa = PBXSourcesBuildPhase;
			buildActionMask = 2147483647;
			files = (
				D1CC802927FE445C000EAD87 /* UnicoModule.docc in Sources */,
				D1AB9F8D28007AED00FBA1A9 /* UnicoSampleView.swift in Sources */,
			);
			runOnlyForDeploymentPostprocessing = 0;
		};
		D1CC802A27FE445C000EAD87 /* Sources */ = {
			isa = PBXSourcesBuildPhase;
			buildActionMask = 2147483647;
			files = (
				D1CC803427FE445C000EAD87 /* UnicoModuleTests.swift in Sources */,
			);
			runOnlyForDeploymentPostprocessing = 0;
		};
/* End PBXSourcesBuildPhase section */

/* Begin PBXTargetDependency section */
		D1CC803127FE445C000EAD87 /* PBXTargetDependency */ = {
			isa = PBXTargetDependency;
			target = D1CC802327FE445C000EAD87 /* UnicoModule */;
			targetProxy = D1CC803027FE445C000EAD87 /* PBXContainerItemProxy */;
		};
/* End PBXTargetDependency section */

/* Begin XCBuildConfiguration section */
		D1CC803627FE445C000EAD87 /* Debug */ = {
			isa = XCBuildConfiguration;
			buildSettings = {
				ALWAYS_SEARCH_USER_PATHS = NO;
				CLANG_ANALYZER_NONNULL = YES;
				CLANG_ANALYZER_NUMBER_OBJECT_CONVERSION = YES_AGGRESSIVE;
				CLANG_CXX_LANGUAGE_STANDARD = "gnu++17";
				CLANG_ENABLE_MODULES = YES;
				CLANG_ENABLE_OBJC_ARC = YES;
				CLANG_ENABLE_OBJC_WEAK = YES;
				CLANG_WARN_BLOCK_CAPTURE_AUTORELEASING = YES;
				CLANG_WARN_BOOL_CONVERSION = YES;
				CLANG_WARN_COMMA = YES;
				CLANG_WARN_CONSTANT_CONVERSION = YES;
				CLANG_WARN_DEPRECATED_OBJC_IMPLEMENTATIONS = YES;
				CLANG_WARN_DIRECT_OBJC_ISA_USAGE = YES_ERROR;
				CLANG_WARN_DOCUMENTATION_COMMENTS = YES;
				CLANG_WARN_EMPTY_BODY = YES;
				CLANG_WARN_ENUM_CONVERSION = YES;
				CLANG_WARN_INFINITE_RECURSION = YES;
				CLANG_WARN_INT_CONVERSION = YES;
				CLANG_WARN_NON_LITERAL_NULL_CONVERSION = YES;
				CLANG_WARN_OBJC_IMPLICIT_RETAIN_SELF = YES;
				CLANG_WARN_OBJC_LITERAL_CONVERSION = YES;
				CLANG_WARN_OBJC_ROOT_CLASS = YES_ERROR;
				CLANG_WARN_QUOTED_INCLUDE_IN_FRAMEWORK_HEADER = YES;
				CLANG_WARN_RANGE_LOOP_ANALYSIS = YES;
				CLANG_WARN_STRICT_PROTOTYPES = YES;
				CLANG_WARN_SUSPICIOUS_MOVE = YES;
				CLANG_WARN_UNGUARDED_AVAILABILITY = YES_AGGRESSIVE;
				CLANG_WARN_UNREACHABLE_CODE = YES;
				CLANG_WARN__DUPLICATE_METHOD_MATCH = YES;
				COPY_PHASE_STRIP = NO;
				CURRENT_PROJECT_VERSION = 1;
				DEBUG_INFORMATION_FORMAT = dwarf;
				ENABLE_STRICT_OBJC_MSGSEND = YES;
				ENABLE_TESTABILITY = YES;
				GCC_C_LANGUAGE_STANDARD = gnu11;
				GCC_DYNAMIC_NO_PIC = NO;
				GCC_NO_COMMON_BLOCKS = YES;
				GCC_OPTIMIZATION_LEVEL = 0;
				GCC_PREPROCESSOR_DEFINITIONS = (
					"DEBUG=1",
					"$(inherited)",
				);
				GCC_WARN_64_TO_32_BIT_CONVERSION = YES;
				GCC_WARN_ABOUT_RETURN_TYPE = YES_ERROR;
				GCC_WARN_UNDECLARED_SELECTOR = YES;
				GCC_WARN_UNINITIALIZED_AUTOS = YES_AGGRESSIVE;
				GCC_WARN_UNUSED_FUNCTION = YES;
				GCC_WARN_UNUSED_VARIABLE = YES;
				IPHONEOS_DEPLOYMENT_TARGET = 15.4;
				MTL_ENABLE_DEBUG_INFO = INCLUDE_SOURCE;
				MTL_FAST_MATH = YES;
				ONLY_ACTIVE_ARCH = YES;
				SDKROOT = iphoneos;
				SWIFT_ACTIVE_COMPILATION_CONDITIONS = DEBUG;
				SWIFT_OPTIMIZATION_LEVEL = "-Onone";
				VERSIONING_SYSTEM = "apple-generic";
				VERSION_INFO_PREFIX = "";
			};
			name = Debug;
		};
		D1CC803727FE445C000EAD87 /* Release */ = {
			isa = XCBuildConfiguration;
			buildSettings = {
				ALWAYS_SEARCH_USER_PATHS = NO;
				CLANG_ANALYZER_NONNULL = YES;
				CLANG_ANALYZER_NUMBER_OBJECT_CONVERSION = YES_AGGRESSIVE;
				CLANG_CXX_LANGUAGE_STANDARD = "gnu++17";
				CLANG_ENABLE_MODULES = YES;
				CLANG_ENABLE_OBJC_ARC = YES;
				CLANG_ENABLE_OBJC_WEAK = YES;
				CLANG_WARN_BLOCK_CAPTURE_AUTORELEASING = YES;
				CLANG_WARN_BOOL_CONVERSION = YES;
				CLANG_WARN_COMMA = YES;
				CLANG_WARN_CONSTANT_CONVERSION = YES;
				CLANG_WARN_DEPRECATED_OBJC_IMPLEMENTATIONS = YES;
				CLANG_WARN_DIRECT_OBJC_ISA_USAGE = YES_ERROR;
				CLANG_WARN_DOCUMENTATION_COMMENTS = YES;
				CLANG_WARN_EMPTY_BODY = YES;
				CLANG_WARN_ENUM_CONVERSION = YES;
				CLANG_WARN_INFINITE_RECURSION = YES;
				CLANG_WARN_INT_CONVERSION = YES;
				CLANG_WARN_NON_LITERAL_NULL_CONVERSION = YES;
				CLANG_WARN_OBJC_IMPLICIT_RETAIN_SELF = YES;
				CLANG_WARN_OBJC_LITERAL_CONVERSION = YES;
				CLANG_WARN_OBJC_ROOT_CLASS = YES_ERROR;
				CLANG_WARN_QUOTED_INCLUDE_IN_FRAMEWORK_HEADER = YES;
				CLANG_WARN_RANGE_LOOP_ANALYSIS = YES;
				CLANG_WARN_STRICT_PROTOTYPES = YES;
				CLANG_WARN_SUSPICIOUS_MOVE = YES;
				CLANG_WARN_UNGUARDED_AVAILABILITY = YES_AGGRESSIVE;
				CLANG_WARN_UNREACHABLE_CODE = YES;
				CLANG_WARN__DUPLICATE_METHOD_MATCH = YES;
				COPY_PHASE_STRIP = NO;
				CURRENT_PROJECT_VERSION = 1;
				DEBUG_INFORMATION_FORMAT = "dwarf-with-dsym";
				ENABLE_NS_ASSERTIONS = NO;
				ENABLE_STRICT_OBJC_MSGSEND = YES;
				GCC_C_LANGUAGE_STANDARD = gnu11;
				GCC_NO_COMMON_BLOCKS = YES;
				GCC_WARN_64_TO_32_BIT_CONVERSION = YES;
				GCC_WARN_ABOUT_RETURN_TYPE = YES_ERROR;
				GCC_WARN_UNDECLARED_SELECTOR = YES;
				GCC_WARN_UNINITIALIZED_AUTOS = YES_AGGRESSIVE;
				GCC_WARN_UNUSED_FUNCTION = YES;
				GCC_WARN_UNUSED_VARIABLE = YES;
				IPHONEOS_DEPLOYMENT_TARGET = 15.4;
				MTL_ENABLE_DEBUG_INFO = NO;
				MTL_FAST_MATH = YES;
				SDKROOT = iphoneos;
				SWIFT_COMPILATION_MODE = wholemodule;
				SWIFT_OPTIMIZATION_LEVEL = "-O";
				VALIDATE_PRODUCT = YES;
				VERSIONING_SYSTEM = "apple-generic";
				VERSION_INFO_PREFIX = "";
			};
			name = Release;
		};
		D1CC803927FE445C000EAD87 /* Debug */ = {
			isa = XCBuildConfiguration;
			baseConfigurationReference = 17E7E0996562327FE93F2DC4 /* Pods-UnicoModule.debug.xcconfig */;
			buildSettings = {
				CODE_SIGN_STYLE = Manual;
				CURRENT_PROJECT_VERSION = 1;
				DEFINES_MODULE = YES;
				DEVELOPMENT_TEAM = "";
				DYLIB_COMPATIBILITY_VERSION = 1;
				DYLIB_CURRENT_VERSION = 1;
				DYLIB_INSTALL_NAME_BASE = "@rpath";
				GENERATE_INFOPLIST_FILE = YES;
				INFOPLIST_KEY_NSHumanReadableCopyright = "";
				INSTALL_PATH = "$(LOCAL_LIBRARY_DIR)/Frameworks";
				IPHONEOS_DEPLOYMENT_TARGET = 11.0;
				LD_RUNPATH_SEARCH_PATHS = (
					"$(inherited)",
					"@executable_path/Frameworks",
					"@loader_path/Frameworks",
				);
				MARKETING_VERSION = 1.0;
				PRODUCT_BUNDLE_IDENTIFIER = br.com.exemplo.UnicoModule;
				PRODUCT_NAME = "$(TARGET_NAME:c99extidentifier)";
				PROVISIONING_PROFILE_SPECIFIER = "";
				"PROVISIONING_PROFILE_SPECIFIER[sdk=macosx*]" = "";
				SKIP_INSTALL = YES;
				SWIFT_EMIT_LOC_STRINGS = YES;
				SWIFT_VERSION = 5.0;
				TARGETED_DEVICE_FAMILY = "1,2";
			};
			name = Debug;
		};
		D1CC803A27FE445C000EAD87 /* Release */ = {
			isa = XCBuildConfiguration;
			baseConfigurationReference = F506FDEF59EFCF2C84E8495A /* Pods-UnicoModule.release.xcconfig */;
			buildSettings = {
				CODE_SIGN_STYLE = Manual;
				CURRENT_PROJECT_VERSION = 1;
				DEFINES_MODULE = YES;
				DEVELOPMENT_TEAM = "";
				DYLIB_COMPATIBILITY_VERSION = 1;
				DYLIB_CURRENT_VERSION = 1;
				DYLIB_INSTALL_NAME_BASE = "@rpath";
				GENERATE_INFOPLIST_FILE = YES;
				INFOPLIST_KEY_NSHumanReadableCopyright = "";
				INSTALL_PATH = "$(LOCAL_LIBRARY_DIR)/Frameworks";
				IPHONEOS_DEPLOYMENT_TARGET = 11.0;
				LD_RUNPATH_SEARCH_PATHS = (
					"$(inherited)",
					"@executable_path/Frameworks",
					"@loader_path/Frameworks",
				);
				MARKETING_VERSION = 1.0;
				PRODUCT_BUNDLE_IDENTIFIER = br.com.exemplo.UnicoModule;
				PRODUCT_NAME = "$(TARGET_NAME:c99extidentifier)";
				PROVISIONING_PROFILE_SPECIFIER = "";
				"PROVISIONING_PROFILE_SPECIFIER[sdk=macosx*]" = "";
				SKIP_INSTALL = YES;
				SWIFT_EMIT_LOC_STRINGS = YES;
				SWIFT_VERSION = 5.0;
				TARGETED_DEVICE_FAMILY = "1,2";
			};
			name = Release;
		};
		D1CC803C27FE445C000EAD87 /* Debug */ = {
			isa = XCBuildConfiguration;
			buildSettings = {
				ALWAYS_EMBED_SWIFT_STANDARD_LIBRARIES = YES;
				CODE_SIGN_STYLE = Automatic;
				CURRENT_PROJECT_VERSION = 1;
				DEVELOPMENT_TEAM = 86EUM69F8C;
				GENERATE_INFOPLIST_FILE = YES;
				MARKETING_VERSION = 1.0;
				PRODUCT_NAME = "$(TARGET_NAME)";
				SWIFT_EMIT_LOC_STRINGS = NO;
				SWIFT_VERSION = 5.0;
				TARGETED_DEVICE_FAMILY = "1,2";
			};
			name = Debug;
		};
		D1CC803D27FE445C000EAD87 /* Release */ = {
			isa = XCBuildConfiguration;
			buildSettings = {
				ALWAYS_EMBED_SWIFT_STANDARD_LIBRARIES = YES;
				CODE_SIGN_STYLE = Automatic;
				CURRENT_PROJECT_VERSION = 1;
				DEVELOPMENT_TEAM = 86EUM69F8C;
				GENERATE_INFOPLIST_FILE = YES;
				MARKETING_VERSION = 1.0;
				PRODUCT_BUNDLE_IDENTIFIER = "";
				PRODUCT_NAME = "$(TARGET_NAME)";
				SWIFT_EMIT_LOC_STRINGS = NO;
				SWIFT_VERSION = 5.0;
				TARGETED_DEVICE_FAMILY = "1,2";
			};
			name = Release;
		};
/* End XCBuildConfiguration section */

/* Begin XCConfigurationList section */
		D1CC801E27FE445C000EAD87 /* Build configuration list for PBXProject "UnicoModule" */ = {
			isa = XCConfigurationList;
			buildConfigurations = (
				D1CC803627FE445C000EAD87 /* Debug */,
				D1CC803727FE445C000EAD87 /* Release */,
			);
			defaultConfigurationIsVisible = 0;
			defaultConfigurationName = Release;
		};
		D1CC803827FE445C000EAD87 /* Build configuration list for PBXNativeTarget "UnicoModule" */ = {
			isa = XCConfigurationList;
			buildConfigurations = (
				D1CC803927FE445C000EAD87 /* Debug */,
				D1CC803A27FE445C000EAD87 /* Release */,
			);
			defaultConfigurationIsVisible = 0;
			defaultConfigurationName = Release;
		};
		D1CC803B27FE445C000EAD87 /* Build configuration list for PBXNativeTarget "UnicoModuleTests" */ = {
			isa = XCConfigurationList;
			buildConfigurations = (
				D1CC803C27FE445C000EAD87 /* Debug */,
				D1CC803D27FE445C000EAD87 /* Release */,
			);
			defaultConfigurationIsVisible = 0;
			defaultConfigurationName = Release;
		};
/* End XCConfigurationList section */
	};
	rootObject = D1CC801B27FE445C000EAD87 /* Project object */;
}
